
Microsoft Visual Studio Solution File, Format Version 12.00
# Visual Studio 15
VisualStudioVersion = 15.0.27004.2010
MinimumVisualStudioVersion = 10.0.40219.1
Project("{FAE04EC0-301F-11D3-BF4B-00C04F79EFBC}") = "TimedBookmarks", "TimedBookmarks\TimedBookmarks.csproj", "{383B3CF0-B405-4A06-883D-082CEBF9CC2F}"
EndProject
Global
	GlobalSection(SolutionConfigurationPlatforms) = preSolution
		Debug|x64 = Debug|x64
		Release|x64 = Release|x64
	EndGlobalSection
	GlobalSection(ProjectConfigurationPlatforms) = postSolution
		{383B3CF0-B405-4A06-883D-082CEBF9CC2F}.Debug|x64.ActiveCfg = Debug|x64
		{383B3CF0-B405-4A06-883D-082CEBF9CC2F}.Debug|x64.Build.0 = Debug|x64
		{383B3CF0-B405-4A06-883D-082CEBF9CC2F}.Release|x64.ActiveCfg = Release|x64
		{383B3CF0-B405-4A06-883D-082CEBF9CC2F}.Release|x64.Build.0 = Release|x64
	EndGlobalSection
	GlobalSection(SolutionProperties) = preSolution
		HideSolutionNode = FALSE
	EndGlobalSection
	GlobalSection(ExtensibilityGlobals) = postSolution
		SolutionGuid = {4C7A4138-D1ED-49DE-A9ED-4B7BFA1ACE34}
	EndGlobalSection
EndGlobal
